# THIS IS AN AUTOGENERATED FILE. DO NOT EDIT THIS FILE DIRECTLY.
# yarn lockfile v1


"@anthropic-ai/claude-code-darwin-arm64@2.1.207":
  version "2.1.207"
  resolved "https://registry.yarnpkg.com/@anthropic-ai/claude-code-darwin-arm64/-/claude-code-darwin-arm64-2.1.207.tgz#3b169650372bb01357356f5af3b3c2f5e7cd9c43"
  integrity sha512-Sp2dbq04SQXu6N9X4ujdJfDIX4hVvBcaTyGLwsWChsq9w96iXv/dsIXkh+vQ/BmsPdsHQuaJgYDW5BscErlOrw==

"@anthropic-ai/claude-code-darwin-x64@2.1.207":
  version "2.1.207"
  resolved "https://registry.yarnpkg.com/@anthropic-ai/claude-code-darwin-x64/-/claude-code-darwin-x64-2.1.207.tgz#3e58d67577eaedeb7736d3fb0cf16d4c7658d24b"
  integrity sha512-4oDg3fbRT9cdLcrmCyPVy6+xFwsuiPxgb6s8LUe3lP5EsCpkkfr8t61Xjg8iGdXMpjxyHCpBL7g39ZUqwNzb1w==

"@anthropic-ai/claude-code-linux-arm64-musl@2.1.207":
  version "2.1.207"
  resolved "https://registry.yarnpkg.com/@anthropic-ai/claude-code-linux-arm64-musl/-/claude-code-linux-arm64-musl-2.1.207.tgz#c146f5651679195390b5aae367387b6f0992dad6"
  integrity sha512-H6KHgBc515+2zj33ijRKwbXIVfH1UFLPU322e1O6A1DDpKIfkAsoY/yWobs+EWYEob/piv1Q9sYt69cwCfGzjg==

"@anthropic-ai/claude-code-linux-arm64@2.1.207":
  version "2.1.207"
  resolved "https://registry.yarnpkg.com/@anthropic-ai/claude-code-linux-arm64/-/claude-code-linux-arm64-2.1.207.tgz#8ee88920fbed435dd2d802f0ccfda9267219022c"
  integrity sha512-Jmcvn8Sg8+FaPLOy9t4h7ip+K1i5YYrimT1+iZL1YHBTA44WHJ9H/F8DW3QKnVyqUGqEza9Tg5PPVjzhi5fwyg==

"@anthropic-ai/claude-code-linux-x64-musl@2.1.207":
  version "2.1.207"
  resolved "https://registry.yarnpkg.com/@anthropic-ai/claude-code-linux-x64-musl/-/claude-code-linux-x64-musl-2.1.207.tgz#f4fd270af0f5f925f8dd8ea64f11af3f064919e0"
  integrity sha512-C4IYbZhPCAh2epxYDVUeoyVC4S8ZTDaoUlClXH98G085ID/zilwI4cekZyYRZ1k0rbpkskaEkz7XnK0IyvAzHg==

"@anthropic-ai/claude-code-linux-x64@2.1.207":
  version "2.1.207"
  resolved "https://registry.yarnpkg.com/@anthropic-ai/claude-code-linux-x64/-/claude-code-linux-x64-2.1.207.tgz#7dacc50d0a2f5edc4c6b66e409f748fd21aed9e7"
  integrity sha512-WC4u+bRuR3EXY7fFFkuVnb9jB5IX5JLduzRwe6ZcIu08tT/PDUWT8bnnS07qwc2jzkUSqcL3kQbeHX5avnFASw==

"@anthropic-ai/claude-code-win32-arm64@2.1.207":
  version "2.1.207"
  resolved "https://registry.yarnpkg.com/@anthropic-ai/claude-code-win32-arm64/-/claude-code-win32-arm64-2.1.207.tgz#5138df0801fbaf64aaa95b56bff97f7dedbd542f"
  integrity sha512-u4crbHf5Pu6E4dsJuDZzsJLlBhF9UcjkueTt5j0EfmDjkTsplY9nDCoq1vB+eA3O/bNV+yGP+1aIvBSe2i+brw==

"@anthropic-ai/claude-code-win32-x64@2.1.207":
  version "2.1.207"
  resolved "https://registry.yarnpkg.com/@anthropic-ai/claude-code-win32-x64/-/claude-code-win32-x64-2.1.207.tgz#52727543ae61ccfaf4d3d374a83687fb1e9c99e7"
  integrity sha512-8s0p6jrwVSX8bB9VZA/ud7BZDtPwCGvFpGaOtJYVmYPPHSl41N91KCfOF29zRBu3pKQ63C2Kq1COqE2F4BVJSA==

"@anthropic-ai/claude-code@^2.1.207":
  version "2.1.207"
  resolved "https://registry.yarnpkg.com/@anthropic-ai/claude-code/-/claude-code-2.1.207.tgz#9401101d42487b7e82d4632243c1a0485641c2fa"
  integrity sha512-30D3lGMO0iPmWnz6rCSHKd6d6gWtQ8CV2zKHHspEHZFyjDJsNOr2Xg6Kb/XEPsaFFu4BGIJz/7L6FQkcFq5cNA==
  optionalDependencies:
    "@anthropic-ai/claude-code-darwin-arm64" "2.1.207"
    "@anthropic-ai/claude-code-darwin-x64" "2.1.207"
    "@anthropic-ai/claude-code-linux-arm64" "2.1.207"
    "@anthropic-ai/claude-code-linux-arm64-musl" "2.1.207"
    "@anthropic-ai/claude-code-linux-x64" "2.1.207"
    "@anthropic-ai/claude-code-linux-x64-musl" "2.1.207"
    "@anthropic-ai/claude-code-win32-arm64" "2.1.207"
    "@anthropic-ai/claude-code-win32-x64" "2.1.207"

"@casys/mcp-erpnext@^2.3.1":
  version "2.3.1"
  resolved "https://registry.yarnpkg.com/@casys/mcp-erpnext/-/mcp-erpnext-2.3.1.tgz#a3280320cc3bad57ffb96cc787b4aa8d12a8472c"
  integrity sha512-VIYnu1/xNUkfoO4Auhpg6mbOZ/OxhE/9vSLAvoafnV4Nfs9LX9Bu+6SpgBqGukuu6Jchk8G4AXKuY3kSj0xqeg==
